{
  "name": "sod-ecosystem",
  "version": "3.1.2",
  "lockfileVersion": 3,
  "requires": true,
  "packages": {
    "": {
      "name": "sod-ecosystem",
      "version": "3.1.2",
      "engines": {
        "node": ">=20"
      },
      "description": "SØD Ecosystem Visual MVP V3.0.4.6 — transparent local identity, no credential collection"
    }
  }
}
